// !$*UTF8*$!
{
	archiveVersion = 1;
	classes = {
	};
	objectVersion = 55;
	objects = {

/* Begin PBXBuildFile section */
		619625010539113C976FDFB1 /* Pods_PiccyTests.framework in Frameworks */ = {isa = PBXBuildFile; fileRef = 7168044E7F34A4E9653E861E /* Pods_PiccyTests.framework */; };
		822A7F277806620DAEDAFF4B /* Pods_Piccy.framework in Frameworks */ = {isa = PBXBuildFile; fileRef = 6B4B9378335B2B5485261393 /* Pods_Piccy.framework */; };
		8419F4CA2874E41700E7DED2 /* AppDelegate.m in Sources */ = {isa = PBXBuildFile; fileRef = 8419F4C92874E41700E7DED2 /* AppDelegate.m */; };
		8419F4CD2874E41700E7DED2 /* SceneDelegate.m in Sources */ = {isa = PBXBuildFile; fileRef = 8419F4CC2874E41700E7DED2 /* SceneDelegate.m */; };
		8419F4D32874E41700E7DED2 /* Main.storyboard in Resources */ = {isa = PBXBuildFile; fileRef = 8419F4D12874E41700E7DED2 /* Main.storyboard */; };
		8419F4D52874E41800E7DED2 /* Assets.xcassets in Resources */ = {isa = PBXBuildFile; fileRef = 8419F4D42874E41800E7DED2 /* Assets.xcassets */; };
		8419F4D82874E41800E7DED2 /* LaunchScreen.storyboard in Resources */ = {isa = PBXBuildFile; fileRef = 8419F4D62874E41800E7DED2 /* LaunchScreen.storyboard */; };
		8419F4DB2874E41800E7DED2 /* main.m in Sources */ = {isa = PBXBuildFile; fileRef = 8419F4DA2874E41800E7DED2 /* main.m */; };
		8419F4E52874E41900E7DED2 /* PiccyTests.m in Sources */ = {isa = PBXBuildFile; fileRef = 8419F4E42874E41900E7DED2 /* PiccyTests.m */; };
		8419F4EF2874E41900E7DED2 /* PiccyUITests.m in Sources */ = {isa = PBXBuildFile; fileRef = 8419F4EE2874E41900E7DED2 /* PiccyUITests.m */; };
		8419F4F12874E41900E7DED2 /* PiccyUITestsLaunchTests.m in Sources */ = {isa = PBXBuildFile; fileRef = 8419F4F02874E41900E7DED2 /* PiccyUITestsLaunchTests.m */; };
		8419F5032875F9C100E7DED2 /* LoginViewController.m in Sources */ = {isa = PBXBuildFile; fileRef = 8419F5022875F9C100E7DED2 /* LoginViewController.m */; };
		8419F5062876013400E7DED2 /* RegistrationViewController.m in Sources */ = {isa = PBXBuildFile; fileRef = 8419F5052876013400E7DED2 /* RegistrationViewController.m */; };
		8419F5092876380F00E7DED2 /* HomeViewController.m in Sources */ = {isa = PBXBuildFile; fileRef = 8419F5082876380F00E7DED2 /* HomeViewController.m */; };
		8419F50C28763C6800E7DED2 /* UserProfileViewController.m in Sources */ = {isa = PBXBuildFile; fileRef = 8419F50B28763C6800E7DED2 /* UserProfileViewController.m */; };
		8419F50F2876429400E7DED2 /* SettingsViewController.m in Sources */ = {isa = PBXBuildFile; fileRef = 8419F50E2876429400E7DED2 /* SettingsViewController.m */; };
		8419F5152877415000E7DED2 /* SettingsTableViewController.m in Sources */ = {isa = PBXBuildFile; fileRef = 8419F5142877415000E7DED2 /* SettingsTableViewController.m */; };
		8419F51B28775C1500E7DED2 /* ProfileSettingsViewController.m in Sources */ = {isa = PBXBuildFile; fileRef = 8419F51A28775C1500E7DED2 /* ProfileSettingsViewController.m */; };
		8419F51E287760B100E7DED2 /* ProfileSetingsTableViewController.m in Sources */ = {isa = PBXBuildFile; fileRef = 8419F51D287760B100E7DED2 /* ProfileSetingsTableViewController.m */; };
		8419F52128778CA300E7DED2 /* FriendsViewController.m in Sources */ = {isa = PBXBuildFile; fileRef = 8419F52028778CA300E7DED2 /* FriendsViewController.m */; };
		8419F52428789ABB00E7DED2 /* FriendsViewCell.m in Sources */ = {isa = PBXBuildFile; fileRef = 8419F52328789ABB00E7DED2 /* FriendsViewCell.m */; };
		8419F52B287CBC1100E7DED2 /* OtherProfileViewController.m in Sources */ = {isa = PBXBuildFile; fileRef = 8419F52A287CBC1100E7DED2 /* OtherProfileViewController.m */; };
		8419F52E287DE0A500E7DED2 /* APIManager.m in Sources */ = {isa = PBXBuildFile; fileRef = 8419F52D287DE0A500E7DED2 /* APIManager.m */; };
		8419F531287DE98600E7DED2 /* Keys.plist in Resources */ = {isa = PBXBuildFile; fileRef = 8419F530287DE98600E7DED2 /* Keys.plist */; };
		8419F537287DF88C00E7DED2 /* UIImage+animatedGIF.m in Sources */ = {isa = PBXBuildFile; fileRef = 8419F536287DF88C00E7DED2 /* UIImage+animatedGIF.m */; };
		8419F538287DF89600E7DED2 /* UIImage+animatedGIF.m in Sources */ = {isa = PBXBuildFile; fileRef = 8419F536287DF88C00E7DED2 /* UIImage+animatedGIF.m */; };
		8419F53B287DF8DD00E7DED2 /* ImageIO.framework in Frameworks */ = {isa = PBXBuildFile; fileRef = 8419F53A287DF8DD00E7DED2 /* ImageIO.framework */; };
		8419F53E287E41B900E7DED2 /* Piccy.m in Sources */ = {isa = PBXBuildFile; fileRef = 8419F53D287E41B900E7DED2 /* Piccy.m */; };
		8419F541287F31FB00E7DED2 /* PiccyLoop.m in Sources */ = {isa = PBXBuildFile; fileRef = 8419F540287F31FB00E7DED2 /* PiccyLoop.m */; };
		8419F544287F35DC00E7DED2 /* ProfilePictureViewController.m in Sources */ = {isa = PBXBuildFile; fileRef = 8419F543287F35DC00E7DED2 /* ProfilePictureViewController.m */; };
		8419F547287F372000E7DED2 /* GifCollectionViewCell.m in Sources */ = {isa = PBXBuildFile; fileRef = 8419F546287F372000E7DED2 /* GifCollectionViewCell.m */; };
		8419F54A287F6B9400E7DED2 /* PiccyViewCell.m in Sources */ = {isa = PBXBuildFile; fileRef = 8419F549287F6B9400E7DED2 /* PiccyViewCell.m */; };
		8419F5502881D8B300E7DED2 /* DailyPiccyViewController.m in Sources */ = {isa = PBXBuildFile; fileRef = 8419F54F2881D8B300E7DED2 /* DailyPiccyViewController.m */; };
		8419F5532881DFBD00E7DED2 /* PostViewController.m in Sources */ = {isa = PBXBuildFile; fileRef = 8419F5522881DFBD00E7DED2 /* PostViewController.m */; };
		8419F5562885D2B000E7DED2 /* UserPiccyViewCell.m in Sources */ = {isa = PBXBuildFile; fileRef = 8419F5552885D2B000E7DED2 /* UserPiccyViewCell.m */; };
		8419F55A288602C500E7DED2 /* HomeNavigationController.m in Sources */ = {isa = PBXBuildFile; fileRef = 8419F559288602C500E7DED2 /* HomeNavigationController.m */; };
		95C894D3A0F0F0A294B23321 /* Pods_Piccy_PiccyUITests.framework in Frameworks */ = {isa = PBXBuildFile; fileRef = F3D6436D87D0FA0226C95154 /* Pods_Piccy_PiccyUITests.framework */; };
/* End PBXBuildFile section */

/* Begin PBXContainerItemProxy section */
		8419F4E12874E41900E7DED2 /* PBXContainerItemProxy */ = {
			isa = PBXContainerItemProxy;
			containerPortal = 8419F4BD2874E41700E7DED2 /* Project object */;
			proxyType = 1;
			remoteGlobalIDString = 8419F4C42874E41700E7DED2;
			remoteInfo = Piccy;
		};
		8419F4EB2874E41900E7DED2 /* PBXContainerItemProxy */ = {
			isa = PBXContainerItemProxy;
			containerPortal = 8419F4BD2874E41700E7DED2 /* Project object */;
			proxyType = 1;
			remoteGlobalIDString = 8419F4C42874E41700E7DED2;
			remoteInfo = Piccy;
		};
/* End PBXContainerItemProxy section */

/* Begin PBXFileReference section */
		245E95DF63F6C42F420140F3 /* Pods-PiccyTests.debug.xcconfig */ = {isa = PBXFileReference; includeInIndex = 1; lastKnownFileType = text.xcconfig; name = "Pods-PiccyTests.debug.xcconfig"; path = "Target Support Files/Pods-PiccyTests/Pods-PiccyTests.debug.xcconfig"; sourceTree = "<group>"; };
		585182B6F52DB856FC7B43EB /* Pods-Piccy.debug.xcconfig */ = {isa = PBXFileReference; includeInIndex = 1; lastKnownFileType = text.xcconfig; name = "Pods-Piccy.debug.xcconfig"; path = "Target Support Files/Pods-Piccy/Pods-Piccy.debug.xcconfig"; sourceTree = "<group>"; };
		6B4B9378335B2B5485261393 /* Pods_Piccy.framework */ = {isa = PBXFileReference; explicitFileType = wrapper.framework; includeInIndex = 0; path = Pods_Piccy.framework; sourceTree = BUILT_PRODUCTS_DIR; };
		7168044E7F34A4E9653E861E /* Pods_PiccyTests.framework */ = {isa = PBXFileReference; explicitFileType = wrapper.framework; includeInIndex = 0; path = Pods_PiccyTests.framework; sourceTree = BUILT_PRODUCTS_DIR; };
		8419F4C52874E41700E7DED2 /* Piccy.app */ = {isa = PBXFileReference; explicitFileType = wrapper.application; includeInIndex = 0; path = Piccy.app; sourceTree = BUILT_PRODUCTS_DIR; };
		8419F4C82874E41700E7DED2 /* AppDelegate.h */ = {isa = PBXFileReference; lastKnownFileType = sourcecode.c.h; path = AppDelegate.h; sourceTree = "<group>"; };
		8419F4C92874E41700E7DED2 /* AppDelegate.m */ = {isa = PBXFileReference; lastKnownFileType = sourcecode.c.objc; path = AppDelegate.m; sourceTree = "<group>"; };
		8419F4CB2874E41700E7DED2 /* SceneDelegate.h */ = {isa = PBXFileReference; lastKnownFileType = sourcecode.c.h; path = SceneDelegate.h; sourceTree = "<group>"; };
		8419F4CC2874E41700E7DED2 /* SceneDelegate.m */ = {isa = PBXFileReference; lastKnownFileType = sourcecode.c.objc; path = SceneDelegate.m; sourceTree = "<group>"; };
		8419F4D22874E41700E7DED2 /* Base */ = {isa = PBXFileReference; lastKnownFileType = file.storyboard; name = Base; path = Base.lproj/Main.storyboard; sourceTree = "<group>"; };
		8419F4D42874E41800E7DED2 /* Assets.xcassets */ = {isa = PBXFileReference; lastKnownFileType = folder.assetcatalog; path = Assets.xcassets; sourceTree = "<group>"; };
		8419F4D72874E41800E7DED2 /* Base */ = {isa = PBXFileReference; lastKnownFileType = file.storyboard; name = Base; path = Base.lproj/LaunchScreen.storyboard; sourceTree = "<group>"; };
		8419F4D92874E41800E7DED2 /* Info.plist */ = {isa = PBXFileReference; lastKnownFileType = text.plist.xml; path = Info.plist; sourceTree = "<group>"; };
		8419F4DA2874E41800E7DED2 /* main.m */ = {isa = PBXFileReference; lastKnownFileType = sourcecode.c.objc; path = main.m; sourceTree = "<group>"; };
		8419F4E02874E41900E7DED2 /* PiccyTests.xctest */ = {isa = PBXFileReference; explicitFileType = wrapper.cfbundle; includeInIndex = 0; path = PiccyTests.xctest; sourceTree = BUILT_PRODUCTS_DIR; };
		8419F4E42874E41900E7DED2 /* PiccyTests.m */ = {isa = PBXFileReference; lastKnownFileType = sourcecode.c.objc; path = PiccyTests.m; sourceTree = "<group>"; };
		8419F4EA2874E41900E7DED2 /* PiccyUITests.xctest */ = {isa = PBXFileReference; explicitFileType = wrapper.cfbundle; includeInIndex = 0; path = PiccyUITests.xctest; sourceTree = BUILT_PRODUCTS_DIR; };
		8419F4EE2874E41900E7DED2 /* PiccyUITests.m */ = {isa = PBXFileReference; lastKnownFileType = sourcecode.c.objc; path = PiccyUITests.m; sourceTree = "<group>"; };
		8419F4F02874E41900E7DED2 /* PiccyUITestsLaunchTests.m */ = {isa = PBXFileReference; lastKnownFileType = sourcecode.c.objc; path = PiccyUITestsLaunchTests.m; sourceTree = "<group>"; };
		8419F5012875F9C100E7DED2 /* LoginViewController.h */ = {isa = PBXFileReference; lastKnownFileType = sourcecode.c.h; path = LoginViewController.h; sourceTree = "<group>"; };
		8419F5022875F9C100E7DED2 /* LoginViewController.m */ = {isa = PBXFileReference; lastKnownFileType = sourcecode.c.objc; path = LoginViewController.m; sourceTree = "<group>"; };
		8419F5042876013400E7DED2 /* RegistrationViewController.h */ = {isa = PBXFileReference; lastKnownFileType = sourcecode.c.h; path = RegistrationViewController.h; sourceTree = "<group>"; };
		8419F5052876013400E7DED2 /* RegistrationViewController.m */ = {isa = PBXFileReference; lastKnownFileType = sourcecode.c.objc; path = RegistrationViewController.m; sourceTree = "<group>"; };
		8419F5072876380F00E7DED2 /* HomeViewController.h */ = {isa = PBXFileReference; lastKnownFileType = sourcecode.c.h; path = HomeViewController.h; sourceTree = "<group>"; };
		8419F5082876380F00E7DED2 /* HomeViewController.m */ = {isa = PBXFileReference; lastKnownFileType = sourcecode.c.objc; path = HomeViewController.m; sourceTree = "<group>"; };
		8419F50A28763C6800E7DED2 /* UserProfileViewController.h */ = {isa = PBXFileReference; lastKnownFileType = sourcecode.c.h; path = UserProfileViewController.h; sourceTree = "<group>"; };
		8419F50B28763C6800E7DED2 /* UserProfileViewController.m */ = {isa = PBXFileReference; lastKnownFileType = sourcecode.c.objc; path = UserProfileViewController.m; sourceTree = "<group>"; };
		8419F50D2876429400E7DED2 /* SettingsViewController.h */ = {isa = PBXFileReference; lastKnownFileType = sourcecode.c.h; path = SettingsViewController.h; sourceTree = "<group>"; };
		8419F50E2876429400E7DED2 /* SettingsViewController.m */ = {isa = PBXFileReference; lastKnownFileType = sourcecode.c.objc; path = SettingsViewController.m; sourceTree = "<group>"; };
		8419F5132877415000E7DED2 /* SettingsTableViewController.h */ = {isa = PBXFileReference; lastKnownFileType = sourcecode.c.h; path = SettingsTableViewController.h; sourceTree = "<group>"; };
		8419F5142877415000E7DED2 /* SettingsTableViewController.m */ = {isa = PBXFileReference; lastKnownFileType = sourcecode.c.objc; path = SettingsTableViewController.m; sourceTree = "<group>"; };
		8419F51928775C1500E7DED2 /* ProfileSettingsViewController.h */ = {isa = PBXFileReference; lastKnownFileType = sourcecode.c.h; path = ProfileSettingsViewController.h; sourceTree = "<group>"; };
		8419F51A28775C1500E7DED2 /* ProfileSettingsViewController.m */ = {isa = PBXFileReference; lastKnownFileType = sourcecode.c.objc; path = ProfileSettingsViewController.m; sourceTree = "<group>"; };
		8419F51C287760B100E7DED2 /* ProfileSetingsTableViewController.h */ = {isa = PBXFileReference; lastKnownFileType = sourcecode.c.h; path = ProfileSetingsTableViewController.h; sourceTree = "<group>"; };
		8419F51D287760B100E7DED2 /* ProfileSetingsTableViewController.m */ = {isa = PBXFileReference; lastKnownFileType = sourcecode.c.objc; path = ProfileSetingsTableViewController.m; sourceTree = "<group>"; };
		8419F51F28778CA300E7DED2 /* FriendsViewController.h */ = {isa = PBXFileReference; lastKnownFileType = sourcecode.c.h; path = FriendsViewController.h; sourceTree = "<group>"; };
		8419F52028778CA300E7DED2 /* FriendsViewController.m */ = {isa = PBXFileReference; lastKnownFileType = sourcecode.c.objc; path = FriendsViewController.m; sourceTree = "<group>"; };
		8419F52228789ABB00E7DED2 /* FriendsViewCell.h */ = {isa = PBXFileReference; lastKnownFileType = sourcecode.c.h; path = FriendsViewCell.h; sourceTree = "<group>"; };
		8419F52328789ABB00E7DED2 /* FriendsViewCell.m */ = {isa = PBXFileReference; lastKnownFileType = sourcecode.c.objc; path = FriendsViewCell.m; sourceTree = "<group>"; };
		8419F529287CBC1100E7DED2 /* OtherProfileViewController.h */ = {isa = PBXFileReference; lastKnownFileType = sourcecode.c.h; path = OtherProfileViewController.h; sourceTree = "<group>"; };
		8419F52A287CBC1100E7DED2 /* OtherProfileViewController.m */ = {isa = PBXFileReference; lastKnownFileType = sourcecode.c.objc; path = OtherProfileViewController.m; sourceTree = "<group>"; };
		8419F52D287DE0A500E7DED2 /* APIManager.m */ = {isa = PBXFileReference; lastKnownFileType = sourcecode.c.objc; path = APIManager.m; sourceTree = "<group>"; };
		8419F52F287DE0B300E7DED2 /* APIManager.h */ = {isa = PBXFileReference; lastKnownFileType = sourcecode.c.h; path = APIManager.h; sourceTree = "<group>"; };
		8419F530287DE98600E7DED2 /* Keys.plist */ = {isa = PBXFileReference; lastKnownFileType = text.plist.xml; path = Keys.plist; sourceTree = "<group>"; };
		8419F536287DF88C00E7DED2 /* UIImage+animatedGIF.m */ = {isa = PBXFileReference; fileEncoding = 4; lastKnownFileType = sourcecode.c.objc; path = "UIImage+animatedGIF.m"; sourceTree = "<group>"; };
		8419F539287DF8A100E7DED2 /* UIImage+animatedGIF.h */ = {isa = PBXFileReference; fileEncoding = 4; lastKnownFileType = sourcecode.c.h; path = "UIImage+animatedGIF.h"; sourceTree = "<group>"; };
		8419F53A287DF8DD00E7DED2 /* ImageIO.framework */ = {isa = PBXFileReference; lastKnownFileType = wrapper.framework; name = ImageIO.framework; path = Platforms/MacOSX.platform/Developer/SDKs/MacOSX12.3.sdk/System/Library/Frameworks/ImageIO.framework; sourceTree = DEVELOPER_DIR; };
		8419F53C287E41B900E7DED2 /* Piccy.h */ = {isa = PBXFileReference; lastKnownFileType = sourcecode.c.h; path = Piccy.h; sourceTree = "<group>"; };
		8419F53D287E41B900E7DED2 /* Piccy.m */ = {isa = PBXFileReference; lastKnownFileType = sourcecode.c.objc; path = Piccy.m; sourceTree = "<group>"; };
		8419F53F287F31FB00E7DED2 /* PiccyLoop.h */ = {isa = PBXFileReference; lastKnownFileType = sourcecode.c.h; path = PiccyLoop.h; sourceTree = "<group>"; };
		8419F540287F31FB00E7DED2 /* PiccyLoop.m */ = {isa = PBXFileReference; lastKnownFileType = sourcecode.c.objc; path = PiccyLoop.m; sourceTree = "<group>"; };
		8419F542287F35DC00E7DED2 /* ProfilePictureViewController.h */ = {isa = PBXFileReference; lastKnownFileType = sourcecode.c.h; path = ProfilePictureViewController.h; sourceTree = "<group>"; };
		8419F543287F35DC00E7DED2 /* ProfilePictureViewController.m */ = {isa = PBXFileReference; lastKnownFileType = sourcecode.c.objc; path = ProfilePictureViewController.m; sourceTree = "<group>"; };
		8419F545287F372000E7DED2 /* GifCollectionViewCell.h */ = {isa = PBXFileReference; lastKnownFileType = sourcecode.c.h; path = GifCollectionViewCell.h; sourceTree = "<group>"; };
		8419F546287F372000E7DED2 /* GifCollectionViewCell.m */ = {isa = PBXFileReference; lastKnownFileType = sourcecode.c.objc; path = GifCollectionViewCell.m; sourceTree = "<group>"; };
		8419F548287F6B9400E7DED2 /* PiccyViewCell.h */ = {isa = PBXFileReference; lastKnownFileType = sourcecode.c.h; path = PiccyViewCell.h; sourceTree = "<group>"; };
		8419F549287F6B9400E7DED2 /* PiccyViewCell.m */ = {isa = PBXFileReference; lastKnownFileType = sourcecode.c.objc; path = PiccyViewCell.m; sourceTree = "<group>"; };
		8419F54E2881D8B300E7DED2 /* DailyPiccyViewController.h */ = {isa = PBXFileReference; lastKnownFileType = sourcecode.c.h; path = DailyPiccyViewController.h; sourceTree = "<group>"; };
		8419F54F2881D8B300E7DED2 /* DailyPiccyViewController.m */ = {isa = PBXFileReference; lastKnownFileType = sourcecode.c.objc; path = DailyPiccyViewController.m; sourceTree = "<group>"; };
		8419F5512881DFBD00E7DED2 /* PostViewController.h */ = {isa = PBXFileReference; lastKnownFileType = sourcecode.c.h; path = PostViewController.h; sourceTree = "<group>"; };
		8419F5522881DFBD00E7DED2 /* PostViewController.m */ = {isa = PBXFileReference; lastKnownFileType = sourcecode.c.objc; path = PostViewController.m; sourceTree = "<group>"; };
		8419F5542885D2B000E7DED2 /* UserPiccyViewCell.h */ = {isa = PBXFileReference; lastKnownFileType = sourcecode.c.h; path = UserPiccyViewCell.h; sourceTree = "<group>"; };
		8419F5552885D2B000E7DED2 /* UserPiccyViewCell.m */ = {isa = PBXFileReference; lastKnownFileType = sourcecode.c.objc; path = UserPiccyViewCell.m; sourceTree = "<group>"; };
		8419F558288602C500E7DED2 /* HomeNavigationController.h */ = {isa = PBXFileReference; lastKnownFileType = sourcecode.c.h; path = HomeNavigationController.h; sourceTree = "<group>"; };
		8419F559288602C500E7DED2 /* HomeNavigationController.m */ = {isa = PBXFileReference; lastKnownFileType = sourcecode.c.objc; path = HomeNavigationController.m; sourceTree = "<group>"; };
		91DDB98D37657CAD099CED0F /* Pods-Piccy-PiccyUITests.debug.xcconfig */ = {isa = PBXFileReference; includeInIndex = 1; lastKnownFileType = text.xcconfig; name = "Pods-Piccy-PiccyUITests.debug.xcconfig"; path = "Target Support Files/Pods-Piccy-PiccyUITests/Pods-Piccy-PiccyUITests.debug.xcconfig"; sourceTree = "<group>"; };
		CE5018E2B50C7EC7CF360295 /* Pods-Piccy-PiccyUITests.release.xcconfig */ = {isa = PBXFileReference; includeInIndex = 1; lastKnownFileType = text.xcconfig; name = "Pods-Piccy-PiccyUITests.release.xcconfig"; path = "Target Support Files/Pods-Piccy-PiccyUITests/Pods-Piccy-PiccyUITests.release.xcconfig"; sourceTree = "<group>"; };
		E6009E01D4AFE8A096F548D7 /* Pods-Piccy.release.xcconfig */ = {isa = PBXFileReference; includeInIndex = 1; lastKnownFileType = text.xcconfig; name = "Pods-Piccy.release.xcconfig"; path = "Target Support Files/Pods-Piccy/Pods-Piccy.release.xcconfig"; sourceTree = "<group>"; };
		EE4BE34BFC115D9CFE25C462 /* Pods-PiccyTests.release.xcconfig */ = {isa = PBXFileReference; includeInIndex = 1; lastKnownFileType = text.xcconfig; name = "Pods-PiccyTests.release.xcconfig"; path = "Target Support Files/Pods-PiccyTests/Pods-PiccyTests.release.xcconfig"; sourceTree = "<group>"; };
		F3D6436D87D0FA0226C95154 /* Pods_Piccy_PiccyUITests.framework */ = {isa = PBXFileReference; explicitFileType = wrapper.framework; includeInIndex = 0; path = Pods_Piccy_PiccyUITests.framework; sourceTree = BUILT_PRODUCTS_DIR; };
/* End PBXFileReference section */

/* Begin PBXFrameworksBuildPhase section */
		8419F4C22874E41700E7DED2 /* Frameworks */ = {
			isa = PBXFrameworksBuildPhase;
			buildActionMask = 2147483647;
			files = (
				822A7F277806620DAEDAFF4B /* Pods_Piccy.framework in Frameworks */,
			);
			runOnlyForDeploymentPostprocessing = 0;
		};
		8419F4DD2874E41900E7DED2 /* Frameworks */ = {
			isa = PBXFrameworksBuildPhase;
			buildActionMask = 2147483647;
			files = (
				619625010539113C976FDFB1 /* Pods_PiccyTests.framework in Frameworks */,
			);
			runOnlyForDeploymentPostprocessing = 0;
		};
		8419F4E72874E41900E7DED2 /* Frameworks */ = {
			isa = PBXFrameworksBuildPhase;
			buildActionMask = 2147483647;
			files = (
				8419F53B287DF8DD00E7DED2 /* ImageIO.framework in Frameworks */,
				95C894D3A0F0F0A294B23321 /* Pods_Piccy_PiccyUITests.framework in Frameworks */,
			);
			runOnlyForDeploymentPostprocessing = 0;
		};
/* End PBXFrameworksBuildPhase section */

/* Begin PBXGroup section */
		218B5F1C39283834A97446CA /* Pods */ = {
			isa = PBXGroup;
			children = (
				585182B6F52DB856FC7B43EB /* Pods-Piccy.debug.xcconfig */,
				E6009E01D4AFE8A096F548D7 /* Pods-Piccy.release.xcconfig */,
				91DDB98D37657CAD099CED0F /* Pods-Piccy-PiccyUITests.debug.xcconfig */,
				CE5018E2B50C7EC7CF360295 /* Pods-Piccy-PiccyUITests.release.xcconfig */,
				245E95DF63F6C42F420140F3 /* Pods-PiccyTests.debug.xcconfig */,
				EE4BE34BFC115D9CFE25C462 /* Pods-PiccyTests.release.xcconfig */,
			);
			path = Pods;
			sourceTree = "<group>";
		};
		775BC99A2F8644115FF8F406 /* Frameworks */ = {
			isa = PBXGroup;
			children = (
				8419F53A287DF8DD00E7DED2 /* ImageIO.framework */,
				6B4B9378335B2B5485261393 /* Pods_Piccy.framework */,
				F3D6436D87D0FA0226C95154 /* Pods_Piccy_PiccyUITests.framework */,
				7168044E7F34A4E9653E861E /* Pods_PiccyTests.framework */,
			);
			name = Frameworks;
			sourceTree = "<group>";
		};
		8419F4BC2874E41700E7DED2 = {
			isa = PBXGroup;
			children = (
				8419F4C72874E41700E7DED2 /* Piccy */,
				8419F4E32874E41900E7DED2 /* PiccyTests */,
				8419F4ED2874E41900E7DED2 /* PiccyUITests */,
				8419F4C62874E41700E7DED2 /* Products */,
				218B5F1C39283834A97446CA /* Pods */,
				775BC99A2F8644115FF8F406 /* Frameworks */,
			);
			sourceTree = "<group>";
		};
		8419F4C62874E41700E7DED2 /* Products */ = {
			isa = PBXGroup;
			children = (
				8419F4C52874E41700E7DED2 /* Piccy.app */,
				8419F4E02874E41900E7DED2 /* PiccyTests.xctest */,
				8419F4EA2874E41900E7DED2 /* PiccyUITests.xctest */,
			);
			name = Products;
			sourceTree = "<group>";
		};
		8419F4C72874E41700E7DED2 /* Piccy */ = {
			isa = PBXGroup;
			children = (
				8419F557288602A200E7DED2 /* Navigation Controllers */,
				8419F52C287CFABD00E7DED2 /* API */,
				8419F5002874E45000E7DED2 /* Cells */,
				8419F4FE2874E43F00E7DED2 /* Models */,
				8419F4FD2874E42D00E7DED2 /* View Controllers */,
				8419F4C82874E41700E7DED2 /* AppDelegate.h */,
				8419F4C92874E41700E7DED2 /* AppDelegate.m */,
				8419F4CB2874E41700E7DED2 /* SceneDelegate.h */,
				8419F4CC2874E41700E7DED2 /* SceneDelegate.m */,
				8419F536287DF88C00E7DED2 /* UIImage+animatedGIF.m */,
				8419F539287DF8A100E7DED2 /* UIImage+animatedGIF.h */,
				8419F4D12874E41700E7DED2 /* Main.storyboard */,
				8419F4D42874E41800E7DED2 /* Assets.xcassets */,
				8419F4D62874E41800E7DED2 /* LaunchScreen.storyboard */,
				8419F4D92874E41800E7DED2 /* Info.plist */,
				8419F530287DE98600E7DED2 /* Keys.plist */,
				8419F4DA2874E41800E7DED2 /* main.m */,
			);
			path = Piccy;
			sourceTree = "<group>";
		};
		8419F4E32874E41900E7DED2 /* PiccyTests */ = {
			isa = PBXGroup;
			children = (
				8419F4E42874E41900E7DED2 /* PiccyTests.m */,
			);
			path = PiccyTests;
			sourceTree = "<group>";
		};
		8419F4ED2874E41900E7DED2 /* PiccyUITests */ = {
			isa = PBXGroup;
			children = (
				8419F4EE2874E41900E7DED2 /* PiccyUITests.m */,
				8419F4F02874E41900E7DED2 /* PiccyUITestsLaunchTests.m */,
			);
			path = PiccyUITests;
			sourceTree = "<group>";
		};
		8419F4FD2874E42D00E7DED2 /* View Controllers */ = {
			isa = PBXGroup;
			children = (
				8419F528287CBAC400E7DED2 /* Profile Viewing */,
				8419F527287CBAAD00E7DED2 /* Settings */,
				8419F526287CBA9400E7DED2 /* Login and Register */,
				8419F525287CBA8400E7DED2 /* Friends Page */,
				8419F5072876380F00E7DED2 /* HomeViewController.h */,
				8419F5082876380F00E7DED2 /* HomeViewController.m */,
				8419F54E2881D8B300E7DED2 /* DailyPiccyViewController.h */,
				8419F54F2881D8B300E7DED2 /* DailyPiccyViewController.m */,
				8419F5512881DFBD00E7DED2 /* PostViewController.h */,
				8419F5522881DFBD00E7DED2 /* PostViewController.m */,
			);
			path = "View Controllers";
			sourceTree = "<group>";
		};
		8419F4FE2874E43F00E7DED2 /* Models */ = {
			isa = PBXGroup;
			children = (
				8419F53C287E41B900E7DED2 /* Piccy.h */,
				8419F53D287E41B900E7DED2 /* Piccy.m */,
				8419F53F287F31FB00E7DED2 /* PiccyLoop.h */,
				8419F540287F31FB00E7DED2 /* PiccyLoop.m */,
			);
			path = Models;
			sourceTree = "<group>";
		};
		8419F5002874E45000E7DED2 /* Cells */ = {
			isa = PBXGroup;
			children = (
				8419F52228789ABB00E7DED2 /* FriendsViewCell.h */,
				8419F52328789ABB00E7DED2 /* FriendsViewCell.m */,
				8419F545287F372000E7DED2 /* GifCollectionViewCell.h */,
				8419F546287F372000E7DED2 /* GifCollectionViewCell.m */,
				8419F548287F6B9400E7DED2 /* PiccyViewCell.h */,
				8419F549287F6B9400E7DED2 /* PiccyViewCell.m */,
				8419F5542885D2B000E7DED2 /* UserPiccyViewCell.h */,
				8419F5552885D2B000E7DED2 /* UserPiccyViewCell.m */,
			);
			path = Cells;
			sourceTree = "<group>";
		};
		8419F525287CBA8400E7DED2 /* Friends Page */ = {
			isa = PBXGroup;
			children = (
				8419F51F28778CA300E7DED2 /* FriendsViewController.h */,
				8419F52028778CA300E7DED2 /* FriendsViewController.m */,
			);
			path = "Friends Page";
			sourceTree = "<group>";
		};
		8419F526287CBA9400E7DED2 /* Login and Register */ = {
			isa = PBXGroup;
			children = (
				8419F5012875F9C100E7DED2 /* LoginViewController.h */,
				8419F5022875F9C100E7DED2 /* LoginViewController.m */,
				8419F5042876013400E7DED2 /* RegistrationViewController.h */,
				8419F5052876013400E7DED2 /* RegistrationViewController.m */,
			);
			path = "Login and Register";
			sourceTree = "<group>";
		};
		8419F527287CBAAD00E7DED2 /* Settings */ = {
			isa = PBXGroup;
			children = (
				8419F50D2876429400E7DED2 /* SettingsViewController.h */,
				8419F50E2876429400E7DED2 /* SettingsViewController.m */,
				8419F5132877415000E7DED2 /* SettingsTableViewController.h */,
				8419F5142877415000E7DED2 /* SettingsTableViewController.m */,
				8419F51928775C1500E7DED2 /* ProfileSettingsViewController.h */,
				8419F51A28775C1500E7DED2 /* ProfileSettingsViewController.m */,
				8419F51C287760B100E7DED2 /* ProfileSetingsTableViewController.h */,
				8419F51D287760B100E7DED2 /* ProfileSetingsTableViewController.m */,
				8419F542287F35DC00E7DED2 /* ProfilePictureViewController.h */,
				8419F543287F35DC00E7DED2 /* ProfilePictureViewController.m */,
			);
			path = Settings;
			sourceTree = "<group>";
		};
		8419F528287CBAC400E7DED2 /* Profile Viewing */ = {
			isa = PBXGroup;
			children = (
				8419F50A28763C6800E7DED2 /* UserProfileViewController.h */,
				8419F50B28763C6800E7DED2 /* UserProfileViewController.m */,
				8419F529287CBC1100E7DED2 /* OtherProfileViewController.h */,
				8419F52A287CBC1100E7DED2 /* OtherProfileViewController.m */,
			);
			path = "Profile Viewing";
			sourceTree = "<group>";
		};
		8419F52C287CFABD00E7DED2 /* API */ = {
			isa = PBXGroup;
			children = (
				8419F52D287DE0A500E7DED2 /* APIManager.m */,
				8419F52F287DE0B300E7DED2 /* APIManager.h */,
			);
			path = API;
			sourceTree = "<group>";
		};
		8419F557288602A200E7DED2 /* Navigation Controllers */ = {
			isa = PBXGroup;
			children = (
				8419F558288602C500E7DED2 /* HomeNavigationController.h */,
				8419F559288602C500E7DED2 /* HomeNavigationController.m */,
			);
			path = "Navigation Controllers";
			sourceTree = "<group>";
		};
/* End PBXGroup section */

/* Begin PBXNativeTarget section */
		8419F4C42874E41700E7DED2 /* Piccy */ = {
			isa = PBXNativeTarget;
			buildConfigurationList = 8419F4F42874E41900E7DED2 /* Build configuration list for PBXNativeTarget "Piccy" */;
			buildPhases = (
				65046AAA1D6A22EF013DA639 /* [CP] Check Pods Manifest.lock */,
				8419F4C12874E41700E7DED2 /* Sources */,
				8419F4C22874E41700E7DED2 /* Frameworks */,
				8419F4C32874E41700E7DED2 /* Resources */,
				E8E84EDD48D0946284F57326 /* [CP] Embed Pods Frameworks */,
			);
			buildRules = (
			);
			dependencies = (
			);
			name = Piccy;
			productName = Piccy;
			productReference = 8419F4C52874E41700E7DED2 /* Piccy.app */;
			productType = "com.apple.product-type.application";
		};
		8419F4DF2874E41900E7DED2 /* PiccyTests */ = {
			isa = PBXNativeTarget;
			buildConfigurationList = 8419F4F72874E41900E7DED2 /* Build configuration list for PBXNativeTarget "PiccyTests" */;
			buildPhases = (
				605CEE9B360AC8D0AFE3BF72 /* [CP] Check Pods Manifest.lock */,
				8419F4DC2874E41900E7DED2 /* Sources */,
				8419F4DD2874E41900E7DED2 /* Frameworks */,
				8419F4DE2874E41900E7DED2 /* Resources */,
			);
			buildRules = (
			);
			dependencies = (
				8419F4E22874E41900E7DED2 /* PBXTargetDependency */,
			);
			name = PiccyTests;
			productName = PiccyTests;
			productReference = 8419F4E02874E41900E7DED2 /* PiccyTests.xctest */;
			productType = "com.apple.product-type.bundle.unit-test";
		};
		8419F4E92874E41900E7DED2 /* PiccyUITests */ = {
			isa = PBXNativeTarget;
			buildConfigurationList = 8419F4FA2874E41900E7DED2 /* Build configuration list for PBXNativeTarget "PiccyUITests" */;
			buildPhases = (
				0D3FA78C178ACD38136B57E3 /* [CP] Check Pods Manifest.lock */,
				8419F4E62874E41900E7DED2 /* Sources */,
				8419F4E72874E41900E7DED2 /* Frameworks */,
				8419F4E82874E41900E7DED2 /* Resources */,
				AE2113327C5787A7C445ACC7 /* [CP] Embed Pods Frameworks */,
			);
			buildRules = (
			);
			dependencies = (
				8419F4EC2874E41900E7DED2 /* PBXTargetDependency */,
			);
			name = PiccyUITests;
			productName = PiccyUITests;
			productReference = 8419F4EA2874E41900E7DED2 /* PiccyUITests.xctest */;
			productType = "com.apple.product-type.bundle.ui-testing";
		};
/* End PBXNativeTarget section */

/* Begin PBXProject section */
		8419F4BD2874E41700E7DED2 /* Project object */ = {
			isa = PBXProject;
			attributes = {
				BuildIndependentTargetsInParallel = 1;
				LastUpgradeCheck = 1340;
				TargetAttributes = {
					8419F4C42874E41700E7DED2 = {
						CreatedOnToolsVersion = 13.4;
					};
					8419F4DF2874E41900E7DED2 = {
						CreatedOnToolsVersion = 13.4;
						TestTargetID = 8419F4C42874E41700E7DED2;
					};
					8419F4E92874E41900E7DED2 = {
						CreatedOnToolsVersion = 13.4;
						TestTargetID = 8419F4C42874E41700E7DED2;
					};
				};
			};
			buildConfigurationList = 8419F4C02874E41700E7DED2 /* Build configuration list for PBXProject "Piccy" */;
			compatibilityVersion = "Xcode 13.0";
			developmentRegion = en;
			hasScannedForEncodings = 0;
			knownRegions = (
				en,
				Base,
			);
			mainGroup = 8419F4BC2874E41700E7DED2;
			productRefGroup = 8419F4C62874E41700E7DED2 /* Products */;
			projectDirPath = "";
			projectRoot = "";
			targets = (
				8419F4C42874E41700E7DED2 /* Piccy */,
				8419F4DF2874E41900E7DED2 /* PiccyTests */,
				8419F4E92874E41900E7DED2 /* PiccyUITests */,
			);
		};
/* End PBXProject section */

/* Begin PBXResourcesBuildPhase section */
		8419F4C32874E41700E7DED2 /* Resources */ = {
			isa = PBXResourcesBuildPhase;
			buildActionMask = 2147483647;
			files = (
				8419F531287DE98600E7DED2 /* Keys.plist in Resources */,
				8419F4D82874E41800E7DED2 /* LaunchScreen.storyboard in Resources */,
				8419F4D52874E41800E7DED2 /* Assets.xcassets in Resources */,
				8419F4D32874E41700E7DED2 /* Main.storyboard in Resources */,
			);
			runOnlyForDeploymentPostprocessing = 0;
		};
		8419F4DE2874E41900E7DED2 /* Resources */ = {
			isa = PBXResourcesBuildPhase;
			buildActionMask = 2147483647;
			files = (
			);
			runOnlyForDeploymentPostprocessing = 0;
		};
		8419F4E82874E41900E7DED2 /* Resources */ = {
			isa = PBXResourcesBuildPhase;
			buildActionMask = 2147483647;
			files = (
			);
			runOnlyForDeploymentPostprocessing = 0;
		};
/* End PBXResourcesBuildPhase section */

/* Begin PBXShellScriptBuildPhase section */
		0D3FA78C178ACD38136B57E3 /* [CP] Check Pods Manifest.lock */ = {
			isa = PBXShellScriptBuildPhase;
			buildActionMask = 2147483647;
			files = (
			);
			inputFileListPaths = (
			);
			inputPaths = (
				"${PODS_PODFILE_DIR_PATH}/Podfile.lock",
				"${PODS_ROOT}/Manifest.lock",
			);
			name = "[CP] Check Pods Manifest.lock";
			outputFileListPaths = (
			);
			outputPaths = (
				"$(DERIVED_FILE_DIR)/Pods-Piccy-PiccyUITests-checkManifestLockResult.txt",
			);
			runOnlyForDeploymentPostprocessing = 0;
			shellPath = /bin/sh;
			shellScript = "diff \"${PODS_PODFILE_DIR_PATH}/Podfile.lock\" \"${PODS_ROOT}/Manifest.lock\" > /dev/null\nif [ $? != 0 ] ; then\n    # print error to STDERR\n    echo \"error: The sandbox is not in sync with the Podfile.lock. Run 'pod install' or update your CocoaPods installation.\" >&2\n    exit 1\nfi\n# This output is used by Xcode 'outputs' to avoid re-running this script phase.\necho \"SUCCESS\" > \"${SCRIPT_OUTPUT_FILE_0}\"\n";
			showEnvVarsInLog = 0;
		};
		605CEE9B360AC8D0AFE3BF72 /* [CP] Check Pods Manifest.lock */ = {
			isa = PBXShellScriptBuildPhase;
			buildActionMask = 2147483647;
			files = (
			);
			inputFileListPaths = (
			);
			inputPaths = (
				"${PODS_PODFILE_DIR_PATH}/Podfile.lock",
				"${PODS_ROOT}/Manifest.lock",
			);
			name = "[CP] Check Pods Manifest.lock";
			outputFileListPaths = (
			);
			outputPaths = (
				"$(DERIVED_FILE_DIR)/Pods-PiccyTests-checkManifestLockResult.txt",
			);
			runOnlyForDeploymentPostprocessing = 0;
			shellPath = /bin/sh;
			shellScript = "diff \"${PODS_PODFILE_DIR_PATH}/Podfile.lock\" \"${PODS_ROOT}/Manifest.lock\" > /dev/null\nif [ $? != 0 ] ; then\n    # print error to STDERR\n    echo \"error: The sandbox is not in sync with the Podfile.lock. Run 'pod install' or update your CocoaPods installation.\" >&2\n    exit 1\nfi\n# This output is used by Xcode 'outputs' to avoid re-running this script phase.\necho \"SUCCESS\" > \"${SCRIPT_OUTPUT_FILE_0}\"\n";
			showEnvVarsInLog = 0;
		};
		65046AAA1D6A22EF013DA639 /* [CP] Check Pods Manifest.lock */ = {
			isa = PBXShellScriptBuildPhase;
			buildActionMask = 2147483647;
			files = (
			);
			inputFileListPaths = (
			);
			inputPaths = (
				"${PODS_PODFILE_DIR_PATH}/Podfile.lock",
				"${PODS_ROOT}/Manifest.lock",
			);
			name = "[CP] Check Pods Manifest.lock";
			outputFileListPaths = (
			);
			outputPaths = (
				"$(DERIVED_FILE_DIR)/Pods-Piccy-checkManifestLockResult.txt",
			);
			runOnlyForDeploymentPostprocessing = 0;
			shellPath = /bin/sh;
			shellScript = "diff \"${PODS_PODFILE_DIR_PATH}/Podfile.lock\" \"${PODS_ROOT}/Manifest.lock\" > /dev/null\nif [ $? != 0 ] ; then\n    # print error to STDERR\n    echo \"error: The sandbox is not in sync with the Podfile.lock. Run 'pod install' or update your CocoaPods installation.\" >&2\n    exit 1\nfi\n# This output is used by Xcode 'outputs' to avoid re-running this script phase.\necho \"SUCCESS\" > \"${SCRIPT_OUTPUT_FILE_0}\"\n";
			showEnvVarsInLog = 0;
		};
		AE2113327C5787A7C445ACC7 /* [CP] Embed Pods Frameworks */ = {
			isa = PBXShellScriptBuildPhase;
			buildActionMask = 2147483647;
			files = (
			);
			inputFileListPaths = (
				"${PODS_ROOT}/Target Support Files/Pods-Piccy-PiccyUITests/Pods-Piccy-PiccyUITests-frameworks-${CONFIGURATION}-input-files.xcfilelist",
			);
			name = "[CP] Embed Pods Frameworks";
			outputFileListPaths = (
				"${PODS_ROOT}/Target Support Files/Pods-Piccy-PiccyUITests/Pods-Piccy-PiccyUITests-frameworks-${CONFIGURATION}-output-files.xcfilelist",
			);
			runOnlyForDeploymentPostprocessing = 0;
			shellPath = /bin/sh;
			shellScript = "\"${PODS_ROOT}/Target Support Files/Pods-Piccy-PiccyUITests/Pods-Piccy-PiccyUITests-frameworks.sh\"\n";
			showEnvVarsInLog = 0;
		};
		E8E84EDD48D0946284F57326 /* [CP] Embed Pods Frameworks */ = {
			isa = PBXShellScriptBuildPhase;
			buildActionMask = 2147483647;
			files = (
			);
			inputFileListPaths = (
				"${PODS_ROOT}/Target Support Files/Pods-Piccy/Pods-Piccy-frameworks-${CONFIGURATION}-input-files.xcfilelist",
			);
			name = "[CP] Embed Pods Frameworks";
			outputFileListPaths = (
				"${PODS_ROOT}/Target Support Files/Pods-Piccy/Pods-Piccy-frameworks-${CONFIGURATION}-output-files.xcfilelist",
			);
			runOnlyForDeploymentPostprocessing = 0;
			shellPath = /bin/sh;
			shellScript = "\"${PODS_ROOT}/Target Support Files/Pods-Piccy/Pods-Piccy-frameworks.sh\"\n";
			showEnvVarsInLog = 0;
		};
/* End PBXShellScriptBuildPhase section */

/* Begin PBXSourcesBuildPhase section */
		8419F4C12874E41700E7DED2 /* Sources */ = {
			isa = PBXSourcesBuildPhase;
			buildActionMask = 2147483647;
			files = (
				8419F5562885D2B000E7DED2 /* UserPiccyViewCell.m in Sources */,
				8419F52428789ABB00E7DED2 /* FriendsViewCell.m in Sources */,
				8419F5502881D8B300E7DED2 /* DailyPiccyViewController.m in Sources */,
				8419F52128778CA300E7DED2 /* FriendsViewController.m in Sources */,
				8419F5032875F9C100E7DED2 /* LoginViewController.m in Sources */,
				8419F5532881DFBD00E7DED2 /* PostViewController.m in Sources */,
				8419F4CA2874E41700E7DED2 /* AppDelegate.m in Sources */,
				8419F541287F31FB00E7DED2 /* PiccyLoop.m in Sources */,
				8419F544287F35DC00E7DED2 /* ProfilePictureViewController.m in Sources */,
				8419F5062876013400E7DED2 /* RegistrationViewController.m in Sources */,
				8419F537287DF88C00E7DED2 /* UIImage+animatedGIF.m in Sources */,
				8419F54A287F6B9400E7DED2 /* PiccyViewCell.m in Sources */,
				8419F5152877415000E7DED2 /* SettingsTableViewController.m in Sources */,
				8419F51E287760B100E7DED2 /* ProfileSetingsTableViewController.m in Sources */,
				8419F50F2876429400E7DED2 /* SettingsViewController.m in Sources */,
				8419F547287F372000E7DED2 /* GifCollectionViewCell.m in Sources */,
				8419F55A288602C500E7DED2 /* HomeNavigationController.m in Sources */,
				8419F4DB2874E41800E7DED2 /* main.m in Sources */,
				8419F4CD2874E41700E7DED2 /* SceneDelegate.m in Sources */,
				8419F5092876380F00E7DED2 /* HomeViewController.m in Sources */,
				8419F50C28763C6800E7DED2 /* UserProfileViewController.m in Sources */,
				8419F51B28775C1500E7DED2 /* ProfileSettingsViewController.m in Sources */,
				8419F52B287CBC1100E7DED2 /* OtherProfileViewController.m in Sources */,
				8419F52E287DE0A500E7DED2 /* APIManager.m in Sources */,
				8419F53E287E41B900E7DED2 /* Piccy.m in Sources */,
			);
			runOnlyForDeploymentPostprocessing = 0;
		};
		8419F4DC2874E41900E7DED2 /* Sources */ = {
			isa = PBXSourcesBuildPhase;
			buildActionMask = 2147483647;
			files = (
				8419F4E52874E41900E7DED2 /* PiccyTests.m in Sources */,
			);
			runOnlyForDeploymentPostprocessing = 0;
		};
		8419F4E62874E41900E7DED2 /* Sources */ = {
			isa = PBXSourcesBuildPhase;
			buildActionMask = 2147483647;
			files = (
				8419F538287DF89600E7DED2 /* UIImage+animatedGIF.m in Sources */,
				8419F4EF2874E41900E7DED2 /* PiccyUITests.m in Sources */,
				8419F4F12874E41900E7DED2 /* PiccyUITestsLaunchTests.m in Sources */,
			);
			runOnlyForDeploymentPostprocessing = 0;
		};
/* End PBXSourcesBuildPhase section */

/* Begin PBXTargetDependency section */
		8419F4E22874E41900E7DED2 /* PBXTargetDependency */ = {
			isa = PBXTargetDependency;
			target = 8419F4C42874E41700E7DED2 /* Piccy */;
			targetProxy = 8419F4E12874E41900E7DED2 /* PBXContainerItemProxy */;
		};
		8419F4EC2874E41900E7DED2 /* PBXTargetDependency */ = {
			isa = PBXTargetDependency;
			target = 8419F4C42874E41700E7DED2 /* Piccy */;
			targetProxy = 8419F4EB2874E41900E7DED2 /* PBXContainerItemProxy */;
		};
/* End PBXTargetDependency section */

/* Begin PBXVariantGroup section */
		8419F4D12874E41700E7DED2 /* Main.storyboard */ = {
			isa = PBXVariantGroup;
			children = (
				8419F4D22874E41700E7DED2 /* Base */,
			);
			name = Main.storyboard;
			sourceTree = "<group>";
		};
		8419F4D62874E41800E7DED2 /* LaunchScreen.storyboard */ = {
			isa = PBXVariantGroup;
			children = (
				8419F4D72874E41800E7DED2 /* Base */,
			);
			name = LaunchScreen.storyboard;
			sourceTree = "<group>";
		};
/* End PBXVariantGroup section */

/* Begin XCBuildConfiguration section */
		8419F4F22874E41900E7DED2 /* Debug */ = {
			isa = XCBuildConfiguration;
			buildSettings = {
				ALWAYS_SEARCH_USER_PATHS = NO;
				CLANG_ANALYZER_NONNULL = YES;
				CLANG_ANALYZER_NUMBER_OBJECT_CONVERSION = YES_AGGRESSIVE;
				CLANG_CXX_LANGUAGE_STANDARD = "gnu++17";
				CLANG_ENABLE_MODULES = YES;
				CLANG_ENABLE_OBJC_ARC = YES;
				CLANG_ENABLE_OBJC_WEAK = YES;
				CLANG_WARN_BLOCK_CAPTURE_AUTORELEASING = YES;
				CLANG_WARN_BOOL_CONVERSION = YES;
				CLANG_WARN_COMMA = YES;
				CLANG_WARN_CONSTANT_CONVERSION = YES;
				CLANG_WARN_DEPRECATED_OBJC_IMPLEMENTATIONS = YES;
				CLANG_WARN_DIRECT_OBJC_ISA_USAGE = YES_ERROR;
				CLANG_WARN_DOCUMENTATION_COMMENTS = YES;
				CLANG_WARN_EMPTY_BODY = YES;
				CLANG_WARN_ENUM_CONVERSION = YES;
				CLANG_WARN_INFINITE_RECURSION = YES;
				CLANG_WARN_INT_CONVERSION = YES;
				CLANG_WARN_NON_LITERAL_NULL_CONVERSION = YES;
				CLANG_WARN_OBJC_IMPLICIT_RETAIN_SELF = YES;
				CLANG_WARN_OBJC_LITERAL_CONVERSION = YES;
				CLANG_WARN_OBJC_ROOT_CLASS = YES_ERROR;
				CLANG_WARN_QUOTED_INCLUDE_IN_FRAMEWORK_HEADER = YES;
				CLANG_WARN_RANGE_LOOP_ANALYSIS = YES;
				CLANG_WARN_STRICT_PROTOTYPES = YES;
				CLANG_WARN_SUSPICIOUS_MOVE = YES;
				CLANG_WARN_UNGUARDED_AVAILABILITY = YES_AGGRESSIVE;
				CLANG_WARN_UNREACHABLE_CODE = YES;
				CLANG_WARN__DUPLICATE_METHOD_MATCH = YES;
				COPY_PHASE_STRIP = NO;
				DEBUG_INFORMATION_FORMAT = dwarf;
				ENABLE_STRICT_OBJC_MSGSEND = YES;
				ENABLE_TESTABILITY = YES;
				GCC_C_LANGUAGE_STANDARD = gnu11;
				GCC_DYNAMIC_NO_PIC = NO;
				GCC_NO_COMMON_BLOCKS = YES;
				GCC_OPTIMIZATION_LEVEL = 0;
				GCC_PREPROCESSOR_DEFINITIONS = (
					"DEBUG=1",
					"$(inherited)",
				);
				GCC_WARN_64_TO_32_BIT_CONVERSION = YES;
				GCC_WARN_ABOUT_RETURN_TYPE = YES_ERROR;
				GCC_WARN_UNDECLARED_SELECTOR = YES;
				GCC_WARN_UNINITIALIZED_AUTOS = YES_AGGRESSIVE;
				GCC_WARN_UNUSED_FUNCTION = YES;
				GCC_WARN_UNUSED_VARIABLE = YES;
				IPHONEOS_DEPLOYMENT_TARGET = 15.5;
				MTL_ENABLE_DEBUG_INFO = INCLUDE_SOURCE;
				MTL_FAST_MATH = YES;
				ONLY_ACTIVE_ARCH = YES;
				SDKROOT = iphoneos;
			};
			name = Debug;
		};
		8419F4F32874E41900E7DED2 /* Release */ = {
			isa = XCBuildConfiguration;
			buildSettings = {
				ALWAYS_SEARCH_USER_PATHS = NO;
				CLANG_ANALYZER_NONNULL = YES;
				CLANG_ANALYZER_NUMBER_OBJECT_CONVERSION = YES_AGGRESSIVE;
				CLANG_CXX_LANGUAGE_STANDARD = "gnu++17";
				CLANG_ENABLE_MODULES = YES;
				CLANG_ENABLE_OBJC_ARC = YES;
				CLANG_ENABLE_OBJC_WEAK = YES;
				CLANG_WARN_BLOCK_CAPTURE_AUTORELEASING = YES;
				CLANG_WARN_BOOL_CONVERSION = YES;
				CLANG_WARN_COMMA = YES;
				CLANG_WARN_CONSTANT_CONVERSION = YES;
				CLANG_WARN_DEPRECATED_OBJC_IMPLEMENTATIONS = YES;
				CLANG_WARN_DIRECT_OBJC_ISA_USAGE = YES_ERROR;
				CLANG_WARN_DOCUMENTATION_COMMENTS = YES;
				CLANG_WARN_EMPTY_BODY = YES;
				CLANG_WARN_ENUM_CONVERSION = YES;
				CLANG_WARN_INFINITE_RECURSION = YES;
				CLANG_WARN_INT_CONVERSION = YES;
				CLANG_WARN_NON_LITERAL_NULL_CONVERSION = YES;
				CLANG_WARN_OBJC_IMPLICIT_RETAIN_SELF = YES;
				CLANG_WARN_OBJC_LITERAL_CONVERSION = YES;
				CLANG_WARN_OBJC_ROOT_CLASS = YES_ERROR;
				CLANG_WARN_QUOTED_INCLUDE_IN_FRAMEWORK_HEADER = YES;
				CLANG_WARN_RANGE_LOOP_ANALYSIS = YES;
				CLANG_WARN_STRICT_PROTOTYPES = YES;
				CLANG_WARN_SUSPICIOUS_MOVE = YES;
				CLANG_WARN_UNGUARDED_AVAILABILITY = YES_AGGRESSIVE;
				CLANG_WARN_UNREACHABLE_CODE = YES;
				CLANG_WARN__DUPLICATE_METHOD_MATCH = YES;
				COPY_PHASE_STRIP = NO;
				DEBUG_INFORMATION_FORMAT = "dwarf-with-dsym";
				ENABLE_NS_ASSERTIONS = NO;
				ENABLE_STRICT_OBJC_MSGSEND = YES;
				GCC_C_LANGUAGE_STANDARD = gnu11;
				GCC_NO_COMMON_BLOCKS = YES;
				GCC_WARN_64_TO_32_BIT_CONVERSION = YES;
				GCC_WARN_ABOUT_RETURN_TYPE = YES_ERROR;
				GCC_WARN_UNDECLARED_SELECTOR = YES;
				GCC_WARN_UNINITIALIZED_AUTOS = YES_AGGRESSIVE;
				GCC_WARN_UNUSED_FUNCTION = YES;
				GCC_WARN_UNUSED_VARIABLE = YES;
				IPHONEOS_DEPLOYMENT_TARGET = 15.5;
				MTL_ENABLE_DEBUG_INFO = NO;
				MTL_FAST_MATH = YES;
				SDKROOT = iphoneos;
				VALIDATE_PRODUCT = YES;
			};
			name = Release;
		};
		8419F4F52874E41900E7DED2 /* Debug */ = {
			isa = XCBuildConfiguration;
			baseConfigurationReference = 585182B6F52DB856FC7B43EB /* Pods-Piccy.debug.xcconfig */;
			buildSettings = {
				ASSETCATALOG_COMPILER_APPICON_NAME = AppIcon;
				ASSETCATALOG_COMPILER_GLOBAL_ACCENT_COLOR_NAME = AccentColor;
				CODE_SIGN_STYLE = Automatic;
				CURRENT_PROJECT_VERSION = 1;
				DEVELOPMENT_TEAM = N977YX5NDL;
				GENERATE_INFOPLIST_FILE = YES;
				INFOPLIST_FILE = Piccy/Info.plist;
				INFOPLIST_KEY_UIApplicationSupportsIndirectInputEvents = YES;
				INFOPLIST_KEY_UILaunchStoryboardName = LaunchScreen;
				INFOPLIST_KEY_UIMainStoryboardFile = Main;
				INFOPLIST_KEY_UISupportedInterfaceOrientations_iPad = "UIInterfaceOrientationPortrait UIInterfaceOrientationPortraitUpsideDown UIInterfaceOrientationLandscapeLeft UIInterfaceOrientationLandscapeRight";
				INFOPLIST_KEY_UISupportedInterfaceOrientations_iPhone = "UIInterfaceOrientationPortrait UIInterfaceOrientationLandscapeLeft UIInterfaceOrientationLandscapeRight";
				LD_RUNPATH_SEARCH_PATHS = (
					"$(inherited)",
					"@executable_path/Frameworks",
				);
				MARKETING_VERSION = 1.0;
				PRODUCT_BUNDLE_IDENTIFIER = com.codepath.Piccy;
				PRODUCT_NAME = "$(TARGET_NAME)";
				SWIFT_EMIT_LOC_STRINGS = YES;
				TARGETED_DEVICE_FAMILY = "1,2";
			};
			name = Debug;
		};
		8419F4F62874E41900E7DED2 /* Release */ = {
			isa = XCBuildConfiguration;
			baseConfigurationReference = E6009E01D4AFE8A096F548D7 /* Pods-Piccy.release.xcconfig */;
			buildSettings = {
				ASSETCATALOG_COMPILER_APPICON_NAME = AppIcon;
				ASSETCATALOG_COMPILER_GLOBAL_ACCENT_COLOR_NAME = AccentColor;
				CODE_SIGN_STYLE = Automatic;
				CURRENT_PROJECT_VERSION = 1;
				DEVELOPMENT_TEAM = N977YX5NDL;
				GENERATE_INFOPLIST_FILE = YES;
				INFOPLIST_FILE = Piccy/Info.plist;
				INFOPLIST_KEY_UIApplicationSupportsIndirectInputEvents = YES;
				INFOPLIST_KEY_UILaunchStoryboardName = LaunchScreen;
				INFOPLIST_KEY_UIMainStoryboardFile = Main;
				INFOPLIST_KEY_UISupportedInterfaceOrientations_iPad = "UIInterfaceOrientationPortrait UIInterfaceOrientationPortraitUpsideDown UIInterfaceOrientationLandscapeLeft UIInterfaceOrientationLandscapeRight";
				INFOPLIST_KEY_UISupportedInterfaceOrientations_iPhone = "UIInterfaceOrientationPortrait UIInterfaceOrientationLandscapeLeft UIInterfaceOrientationLandscapeRight";
				LD_RUNPATH_SEARCH_PATHS = (
					"$(inherited)",
					"@executable_path/Frameworks",
				);
				MARKETING_VERSION = 1.0;
				PRODUCT_BUNDLE_IDENTIFIER = com.codepath.Piccy;
				PRODUCT_NAME = "$(TARGET_NAME)";
				SWIFT_EMIT_LOC_STRINGS = YES;
				TARGETED_DEVICE_FAMILY = "1,2";
			};
			name = Release;
		};
		8419F4F82874E41900E7DED2 /* Debug */ = {
			isa = XCBuildConfiguration;
			baseConfigurationReference = 245E95DF63F6C42F420140F3 /* Pods-PiccyTests.debug.xcconfig */;
			buildSettings = {
				BUNDLE_LOADER = "$(TEST_HOST)";
				CODE_SIGN_STYLE = Automatic;
				CURRENT_PROJECT_VERSION = 1;
				DEVELOPMENT_TEAM = N977YX5NDL;
				GENERATE_INFOPLIST_FILE = YES;
				IPHONEOS_DEPLOYMENT_TARGET = 15.5;
				MARKETING_VERSION = 1.0;
				PRODUCT_BUNDLE_IDENTIFIER = com.codepath.PiccyTests;
				PRODUCT_NAME = "$(TARGET_NAME)";
				SWIFT_EMIT_LOC_STRINGS = NO;
				TARGETED_DEVICE_FAMILY = "1,2";
				TEST_HOST = "$(BUILT_PRODUCTS_DIR)/Piccy.app/Piccy";
			};
			name = Debug;
		};
		8419F4F92874E41900E7DED2 /* Release */ = {
			isa = XCBuildConfiguration;
			baseConfigurationReference = EE4BE34BFC115D9CFE25C462 /* Pods-PiccyTests.release.xcconfig */;
			buildSettings = {
				BUNDLE_LOADER = "$(TEST_HOST)";
				CODE_SIGN_STYLE = Automatic;
				CURRENT_PROJECT_VERSION = 1;
				DEVELOPMENT_TEAM = N977YX5NDL;
				GENERATE_INFOPLIST_FILE = YES;
				IPHONEOS_DEPLOYMENT_TARGET = 15.5;
				MARKETING_VERSION = 1.0;
				PRODUCT_BUNDLE_IDENTIFIER = com.codepath.PiccyTests;
				PRODUCT_NAME = "$(TARGET_NAME)";
				SWIFT_EMIT_LOC_STRINGS = NO;
				TARGETED_DEVICE_FAMILY = "1,2";
				TEST_HOST = "$(BUILT_PRODUCTS_DIR)/Piccy.app/Piccy";
			};
			name = Release;
		};
		8419F4FB2874E41900E7DED2 /* Debug */ = {
			isa = XCBuildConfiguration;
			baseConfigurationReference = 91DDB98D37657CAD099CED0F /* Pods-Piccy-PiccyUITests.debug.xcconfig */;
			buildSettings = {
				CODE_SIGN_STYLE = Automatic;
				CURRENT_PROJECT_VERSION = 1;
				DEVELOPMENT_TEAM = N977YX5NDL;
				GENERATE_INFOPLIST_FILE = YES;
				MARKETING_VERSION = 1.0;
				PRODUCT_BUNDLE_IDENTIFIER = com.codepath.PiccyUITests;
				PRODUCT_NAME = "$(TARGET_NAME)";
				SWIFT_EMIT_LOC_STRINGS = NO;
				TARGETED_DEVICE_FAMILY = "1,2";
				TEST_TARGET_NAME = Piccy;
			};
			name = Debug;
		};
		8419F4FC2874E41900E7DED2 /* Release */ = {
			isa = XCBuildConfiguration;
			baseConfigurationReference = CE5018E2B50C7EC7CF360295 /* Pods-Piccy-PiccyUITests.release.xcconfig */;
			buildSettings = {
				CODE_SIGN_STYLE = Automatic;
				CURRENT_PROJECT_VERSION = 1;
				DEVELOPMENT_TEAM = N977YX5NDL;
				GENERATE_INFOPLIST_FILE = YES;
				MARKETING_VERSION = 1.0;
				PRODUCT_BUNDLE_IDENTIFIER = com.codepath.PiccyUITests;
				PRODUCT_NAME = "$(TARGET_NAME)";
				SWIFT_EMIT_LOC_STRINGS = NO;
				TARGETED_DEVICE_FAMILY = "1,2";
				TEST_TARGET_NAME = Piccy;
			};
			name = Release;
		};
/* End XCBuildConfiguration section */

/* Begin XCConfigurationList section */
		8419F4C02874E41700E7DED2 /* Build configuration list for PBXProject "Piccy" */ = {
			isa = XCConfigurationList;
			buildConfigurations = (
				8419F4F22874E41900E7DED2 /* Debug */,
				8419F4F32874E41900E7DED2 /* Release */,
			);
			defaultConfigurationIsVisible = 0;
			defaultConfigurationName = Release;
		};
		8419F4F42874E41900E7DED2 /* Build configuration list for PBXNativeTarget "Piccy" */ = {
			isa = XCConfigurationList;
			buildConfigurations = (
				8419F4F52874E41900E7DED2 /* Debug */,
				8419F4F62874E41900E7DED2 /* Release */,
			);
			defaultConfigurationIsVisible = 0;
			defaultConfigurationName = Release;
		};
		8419F4F72874E41900E7DED2 /* Build configuration list for PBXNativeTarget "PiccyTests" */ = {
			isa = XCConfigurationList;
			buildConfigurations = (
				8419F4F82874E41900E7DED2 /* Debug */,
				8419F4F92874E41900E7DED2 /* Release */,
			);
			defaultConfigurationIsVisible = 0;
			defaultConfigurationName = Release;
		};
		8419F4FA2874E41900E7DED2 /* Build configuration list for PBXNativeTarget "PiccyUITests" */ = {
			isa = XCConfigurationList;
			buildConfigurations = (
				8419F4FB2874E41900E7DED2 /* Debug */,
				8419F4FC2874E41900E7DED2 /* Release */,
			);
			defaultConfigurationIsVisible = 0;
			defaultConfigurationName = Release;
		};
/* End XCConfigurationList section */
	};
	rootObject = 8419F4BD2874E41700E7DED2 /* Project object */;
}
